
Microsoft Visual Studio Solution File, Format Version 12.00
# Visual Studio Version 17
VisualStudioVersion = 17.1.32328.378
MinimumVisualStudioVersion = 10.0.40219.1
Project("{FAE04EC0-301F-11D3-BF4B-00C04F79EFBC}") = "PL", "PL\PL.csproj", "{2460399B-DC3B-4B55-A39C-D5908859723B}"
EndProject
Project("{FAE04EC0-301F-11D3-BF4B-00C04F79EFBC}") = "DAL", "DAL\DAL.csproj", "{1484B84F-9618-4DFF-B144-6102FA22D34B}"
EndProject
Project("{FAE04EC0-301F-11D3-BF4B-00C04F79EFBC}") = "BLL", "BLL\BLL.csproj", "{3912FE2F-CF7F-4CEB-B56C-4D611DA1ED10}"
EndProject
Global
	GlobalSection(SolutionConfigurationPlatforms) = preSolution
		Debug|Any CPU = Debug|Any CPU
		Release|Any CPU = Release|Any CPU
	EndGlobalSection
	GlobalSection(ProjectConfigurationPlatforms) = postSolution
		{2460399B-DC3B-4B55-A39C-D5908859723B}.Debug|Any CPU.ActiveCfg = Debug|Any CPU
		{2460399B-DC3B-4B55-A39C-D5908859723B}.Debug|Any CPU.Build.0 = Debug|Any CPU
		{2460399B-DC3B-4B55-A39C-D5908859723B}.Release|Any CPU.ActiveCfg = Release|Any CPU
		{2460399B-DC3B-4B55-A39C-D5908859723B}.Release|Any CPU.Build.0 = Release|Any CPU
		{1484B84F-9618-4DFF-B144-6102FA22D34B}.Debug|Any CPU.ActiveCfg = Debug|Any CPU
		{1484B84F-9618-4DFF-B144-6102FA22D34B}.Debug|Any CPU.Build.0 = Debug|Any CPU
		{1484B84F-9618-4DFF-B144-6102FA22D34B}.Release|Any CPU.ActiveCfg = Release|Any CPU
		{1484B84F-9618-4DFF-B144-6102FA22D34B}.Release|Any CPU.Build.0 = Release|Any CPU
		{3912FE2F-CF7F-4CEB-B56C-4D611DA1ED10}.Debug|Any CPU.ActiveCfg = Debug|Any CPU
		{3912FE2F-CF7F-4CEB-B56C-4D611DA1ED10}.Debug|Any CPU.Build.0 = Debug|Any CPU
		{3912FE2F-CF7F-4CEB-B56C-4D611DA1ED10}.Release|Any CPU.ActiveCfg = Release|Any CPU
		{3912FE2F-CF7F-4CEB-B56C-4D611DA1ED10}.Release|Any CPU.Build.0 = Release|Any CPU
	EndGlobalSection
	GlobalSection(SolutionProperties) = preSolution
		HideSolutionNode = FALSE
	EndGlobalSection
	GlobalSection(ExtensibilityGlobals) = postSolution
		SolutionGuid = {B66233FA-DF9F-4948-BCCC-6EF9BB1C9002}
	EndGlobalSection
EndGlobal
